
Microsoft Visual Studio Solution File, Format Version 12.00
# Visual Studio Version 16
VisualStudioVersion = 16.0.29613.14
MinimumVisualStudioVersion = 10.0.40219.1
Project("{FAE04EC0-301F-11D3-BF4B-00C04F79EFBC}") = "prj2_2_GradeConverter", "prj2_2_GradeConverter\prj2_2_GradeConverter.csproj", "{A69730E0-387E-43DC-BB7E-7B899C8FB88D}"
EndProject
Global
	GlobalSection(SolutionConfigurationPlatforms) = preSolution
		Debug|Any CPU = Debug|Any CPU
		Release|Any CPU = Release|Any CPU
	EndGlobalSection
	GlobalSection(ProjectConfigurationPlatforms) = postSolution
		{A69730E0-387E-43DC-BB7E-7B899C8FB88D}.Debug|Any CPU.ActiveCfg = Debug|Any CPU
		{A69730E0-387E-43DC-BB7E-7B899C8FB88D}.Debug|Any CPU.Build.0 = Debug|Any CPU
		{A69730E0-387E-43DC-BB7E-7B899C8FB88D}.Release|Any CPU.ActiveCfg = Release|Any CPU
		{A69730E0-387E-43DC-BB7E-7B899C8FB88D}.Release|Any CPU.Build.0 = Release|Any CPU
	EndGlobalSection
	GlobalSection(SolutionProperties) = preSolution
		HideSolutionNode = FALSE
	EndGlobalSection
	GlobalSection(ExtensibilityGlobals) = postSolution
		SolutionGuid = {B35E8F18-167C-4755-8C77-B0393E68BC00}
	EndGlobalSection
EndGlobal
