
Microsoft Visual Studio Solution File, Format Version 12.00
# Visual Studio Version 16
VisualStudioVersion = 16.0.29613.14
MinimumVisualStudioVersion = 10.0.40219.1
Project("{FAE04EC0-301F-11D3-BF4B-00C04F79EFBC}") = "ch5-data-validation", "ch5-data-validation\ch5-data-validation.csproj", "{ABAC1897-B042-4977-BC83-D94D6C214EF2}"
EndProject
Global
	GlobalSection(SolutionConfigurationPlatforms) = preSolution
		Debug|Any CPU = Debug|Any CPU
		Release|Any CPU = Release|Any CPU
	EndGlobalSection
	GlobalSection(ProjectConfigurationPlatforms) = postSolution
		{ABAC1897-B042-4977-BC83-D94D6C214EF2}.Debug|Any CPU.ActiveCfg = Debug|Any CPU
		{ABAC1897-B042-4977-BC83-D94D6C214EF2}.Debug|Any CPU.Build.0 = Debug|Any CPU
		{ABAC1897-B042-4977-BC83-D94D6C214EF2}.Release|Any CPU.ActiveCfg = Release|Any CPU
		{ABAC1897-B042-4977-BC83-D94D6C214EF2}.Release|Any CPU.Build.0 = Release|Any CPU
	EndGlobalSection
	GlobalSection(SolutionProperties) = preSolution
		HideSolutionNode = FALSE
	EndGlobalSection
	GlobalSection(ExtensibilityGlobals) = postSolution
		SolutionGuid = {D8BB726B-AD7F-4290-AA8D-C405CBB37604}
	EndGlobalSection
EndGlobal
