
Microsoft Visual Studio Solution File, Format Version 12.00
# Visual Studio Version 16
VisualStudioVersion = 16.0.29613.14
MinimumVisualStudioVersion = 10.0.40219.1
Project("{FAE04EC0-301F-11D3-BF4B-00C04F79EFBC}") = "ch3_Temperature_Converter", "ch3_Temperature_Converter\ch3_Temperature_Converter.csproj", "{46872631-EE12-496E-B041-DC4123B1A209}"
EndProject
Global
	GlobalSection(SolutionConfigurationPlatforms) = preSolution
		Debug|Any CPU = Debug|Any CPU
		Release|Any CPU = Release|Any CPU
	EndGlobalSection
	GlobalSection(ProjectConfigurationPlatforms) = postSolution
		{46872631-EE12-496E-B041-DC4123B1A209}.Debug|Any CPU.ActiveCfg = Debug|Any CPU
		{46872631-EE12-496E-B041-DC4123B1A209}.Debug|Any CPU.Build.0 = Debug|Any CPU
		{46872631-EE12-496E-B041-DC4123B1A209}.Release|Any CPU.ActiveCfg = Release|Any CPU
		{46872631-EE12-496E-B041-DC4123B1A209}.Release|Any CPU.Build.0 = Release|Any CPU
	EndGlobalSection
	GlobalSection(SolutionProperties) = preSolution
		HideSolutionNode = FALSE
	EndGlobalSection
	GlobalSection(ExtensibilityGlobals) = postSolution
		SolutionGuid = {F3F34871-7DE2-4653-85EA-A90418985D9F}
	EndGlobalSection
EndGlobal
