
Microsoft Visual Studio Solution File, Format Version 12.00
# Visual Studio Version 16
VisualStudioVersion = 16.0.29613.14
MinimumVisualStudioVersion = 10.0.40219.1
Project("{FAE04EC0-301F-11D3-BF4B-00C04F79EFBC}") = "list-demo", "list-demo\list-demo.csproj", "{3025C883-2C9A-4FA9-9936-E0ACB2CC866A}"
EndProject
Global
	GlobalSection(SolutionConfigurationPlatforms) = preSolution
		Debug|Any CPU = Debug|Any CPU
		Release|Any CPU = Release|Any CPU
	EndGlobalSection
	GlobalSection(ProjectConfigurationPlatforms) = postSolution
		{3025C883-2C9A-4FA9-9936-E0ACB2CC866A}.Debug|Any CPU.ActiveCfg = Debug|Any CPU
		{3025C883-2C9A-4FA9-9936-E0ACB2CC866A}.Debug|Any CPU.Build.0 = Debug|Any CPU
		{3025C883-2C9A-4FA9-9936-E0ACB2CC866A}.Release|Any CPU.ActiveCfg = Release|Any CPU
		{3025C883-2C9A-4FA9-9936-E0ACB2CC866A}.Release|Any CPU.Build.0 = Release|Any CPU
	EndGlobalSection
	GlobalSection(SolutionProperties) = preSolution
		HideSolutionNode = FALSE
	EndGlobalSection
	GlobalSection(ExtensibilityGlobals) = postSolution
		SolutionGuid = {73A06D4C-0E22-49AB-AB01-4448AE013BF2}
	EndGlobalSection
EndGlobal
